
Microsoft Visual Studio Solution File, Format Version 12.00
# Visual Studio Version 16
VisualStudioVersion = 16.0.31019.35
MinimumVisualStudioVersion = 10.0.40219.1
Project("{9A19103F-16F7-4668-BE54-9A1E7A4F7556}") = "MinecraftConnectionCore", "..\..\MinecraftConnection\MinecraftConnection\MinecraftConnectionCore\MinecraftConnectionCore.csproj", "{2B5FCBE6-F0F5-416D-87C5-6F6E2374A97B}"
EndProject
Project("{FAE04EC0-301F-11D3-BF4B-00C04F79EFBC}") = "ExampleApp", "..\SampleApp\ExampleApp.csproj", "{45AA89DC-030F-4B8D-8CB2-93FDC15CC2AB}"
EndProject
Global
	GlobalSection(SolutionConfigurationPlatforms) = preSolution
		Debug|Any CPU = Debug|Any CPU
		Release|Any CPU = Release|Any CPU
	EndGlobalSection
	GlobalSection(ProjectConfigurationPlatforms) = postSolution
		{2B5FCBE6-F0F5-416D-87C5-6F6E2374A97B}.Debug|Any CPU.ActiveCfg = Debug|Any CPU
		{2B5FCBE6-F0F5-416D-87C5-6F6E2374A97B}.Debug|Any CPU.Build.0 = Debug|Any CPU
		{2B5FCBE6-F0F5-416D-87C5-6F6E2374A97B}.Release|Any CPU.ActiveCfg = Release|Any CPU
		{2B5FCBE6-F0F5-416D-87C5-6F6E2374A97B}.Release|Any CPU.Build.0 = Release|Any CPU
		{45AA89DC-030F-4B8D-8CB2-93FDC15CC2AB}.Debug|Any CPU.ActiveCfg = Debug|Any CPU
		{45AA89DC-030F-4B8D-8CB2-93FDC15CC2AB}.Debug|Any CPU.Build.0 = Debug|Any CPU
		{45AA89DC-030F-4B8D-8CB2-93FDC15CC2AB}.Release|Any CPU.ActiveCfg = Release|Any CPU
		{45AA89DC-030F-4B8D-8CB2-93FDC15CC2AB}.Release|Any CPU.Build.0 = Release|Any CPU
	EndGlobalSection
	GlobalSection(SolutionProperties) = preSolution
		HideSolutionNode = FALSE
	EndGlobalSection
	GlobalSection(ExtensibilityGlobals) = postSolution
		SolutionGuid = {BE85522B-671F-4CB4-BCEC-1C4773F72054}
	EndGlobalSection
EndGlobal
